{
  "name": "procourrier-cotizador",
  "lockfileVersion": 3,
  "requires": true,
  "packages": {
    "": {
      "name": "procourrier-cotizador",
      "dependencies": {
        "@turf/simplify": "^7.1.0"
      }
    },
    "node_modules/@turf/boolean-point-on-line": {
      "version": "7.4.0",
      "resolved": "https://registry.npmjs.org/@turf/boolean-point-on-line/-/boolean-point-on-line-7.4.0.tgz",
      "integrity": "sha512-5i5UBeZf/LuzgavkIj8L8L5/8SYWItWzQQcE9ymFZr60lV5lM8eFvQDfzAz2R3WQFCrxXExPqNvAVZOKGUyvoA==",
      "license": "MIT",
      "dependencies": {
        "@turf/helpers": "7.4.0",
        "@turf/invariant": "7.4.0",
        "@types/geojson": "^7946.0.10",
        "tslib": "^2.8.1"
      },
      "funding": {
        "url": "https://opencollective.com/turf"
      }
    },
    "node_modules/@turf/clean-coords": {
      "version": "7.4.0",
      "resolved": "https://registry.npmjs.org/@turf/clean-coords/-/clean-coords-7.4.0.tgz",
      "integrity": "sha512-xl3lVPey/FyVc3Z+drAWtVuVtvt737RHKGUMGyuskmKYW0JUeFDgqSR0OnrDfxXWb58Im/65BgPd1B+TUA9WfA==",
      "license": "MIT",
      "dependencies": {
        "@turf/boolean-point-on-line": "7.4.0",
        "@turf/helpers": "7.4.0",
        "@turf/invariant": "7.4.0",
        "@types/geojson": "^7946.0.10",
        "tslib": "^2.8.1"
      },
      "funding": {
        "url": "https://opencollective.com/turf"
      }
    },
    "node_modules/@turf/clone": {
      "version": "7.4.0",
      "resolved": "https://registry.npmjs.org/@turf/clone/-/clone-7.4.0.tgz",
      "integrity": "sha512-IfYnuil7XYJauy3crzIYEr26QkmBiTgFdGfYwUUe3S6dawX+lyb3vhuaYyssEPcCJq83g0G7hwxZy7141Mmzjg==",
      "license": "MIT",
      "dependencies": {
        "@turf/helpers": "7.4.0",
        "@types/geojson": "^7946.0.10",
        "tslib": "^2.8.1"
      },
      "funding": {
        "url": "https://opencollective.com/turf"
      }
    },
    "node_modules/@turf/helpers": {
      "version": "7.4.0",
      "resolved": "https://registry.npmjs.org/@turf/helpers/-/helpers-7.4.0.tgz",
      "integrity": "sha512-7PAwLZqOdRzTI5g9bHvUwlloAXPDH/mlajtryk0tw4ZwGMtmXsAyF4QundsAMfy4u48Fyd3AUqMXY0SMxqJGWg==",
      "license": "MIT",
      "dependencies": {
        "@types/geojson": "^7946.0.10",
        "tslib": "^2.8.1"
      },
      "funding": {
        "url": "https://opencollective.com/turf"
      }
    },
    "node_modules/@turf/invariant": {
      "version": "7.4.0",
      "resolved": "https://registry.npmjs.org/@turf/invariant/-/invariant-7.4.0.tgz",
      "integrity": "sha512-OAsc3qdNx+tRqzWmMNFMnVlWWACIqnYqIejZKvb2oKkKPYJJrURPXZ6OdrGD58ljJMolLoqwIZGSx3VndaEjxg==",
      "license": "MIT",
      "dependencies": {
        "@turf/helpers": "7.4.0",
        "@types/geojson": "^7946.0.10",
        "tslib": "^2.8.1"
      },
      "funding": {
        "url": "https://opencollective.com/turf"
      }
    },
    "node_modules/@turf/meta": {
      "version": "7.4.0",
      "resolved": "https://registry.npmjs.org/@turf/meta/-/meta-7.4.0.tgz",
      "integrity": "sha512-3cLUvlEyDuSnMSzrjhaLAEiYR8xhbfWyTVQlrlEw40xL81d4KF4PqUWbjTXKpXZStdYbet2GCurl79KMypNw6g==",
      "license": "MIT",
      "dependencies": {
        "@turf/helpers": "7.4.0",
        "@types/geojson": "^7946.0.10",
        "tslib": "^2.8.1"
      },
      "funding": {
        "url": "https://opencollective.com/turf"
      }
    },
    "node_modules/@turf/simplify": {
      "version": "7.4.0",
      "resolved": "https://registry.npmjs.org/@turf/simplify/-/simplify-7.4.0.tgz",
      "integrity": "sha512-HTolHFuXLReKHJoh3iz92+WpF5EsuCmmZR7fNv3hWnA4hZfkuEzbGB/WZqRdQpvDs99IUS8QIc6BAp6FHzQbBQ==",
      "license": "MIT",
      "dependencies": {
        "@turf/clean-coords": "7.4.0",
        "@turf/clone": "7.4.0",
        "@turf/helpers": "7.4.0",
        "@turf/meta": "7.4.0",
        "@types/geojson": "^7946.0.10",
        "tslib": "^2.8.1"
      },
      "funding": {
        "url": "https://opencollective.com/turf"
      }
    },
    "node_modules/@types/geojson": {
      "version": "7946.0.16",
      "resolved": "https://registry.npmjs.org/@types/geojson/-/geojson-7946.0.16.tgz",
      "integrity": "sha512-6C8nqWur3j98U6+lXDfTUWIfgvZU+EumvpHKcYjujKH7woYyLj2sUmff0tRhrqM7BohUw7Pz3ZB1jj2gW9Fvmg==",
      "license": "MIT"
    },
    "node_modules/tslib": {
      "version": "2.8.1",
      "resolved": "https://registry.npmjs.org/tslib/-/tslib-2.8.1.tgz",
      "integrity": "sha512-oJFu94HQb+KVduSUQL7wnpmqnfmLsOA/nAh6b6EH0wCEoK0/mPeXU6c3wKDV83MkOuHPRHtSXKKU99IBazS/2w==",
      "license": "0BSD"
    }
  }
}
